
Microsoft Visual Studio Solution File, Format Version 12.00
# Visual Studio Version 17
VisualStudioVersion = 17.9.34701.34
MinimumVisualStudioVersion = 10.0.40219.1
Project("{FAE04EC0-301F-11D3-BF4B-00C04F79EFBC}") = "modul8_1302220112", "modul8_1302220112\modul8_1302220112.csproj", "{E1CDA7A3-38AF-4903-AE14-B80813E95D2A}"
EndProject
Global
	GlobalSection(SolutionConfigurationPlatforms) = preSolution
		Debug|Any CPU = Debug|Any CPU
		Release|Any CPU = Release|Any CPU
	EndGlobalSection
	GlobalSection(ProjectConfigurationPlatforms) = postSolution
		{E1CDA7A3-38AF-4903-AE14-B80813E95D2A}.Debug|Any CPU.ActiveCfg = Debug|Any CPU
		{E1CDA7A3-38AF-4903-AE14-B80813E95D2A}.Debug|Any CPU.Build.0 = Debug|Any CPU
		{E1CDA7A3-38AF-4903-AE14-B80813E95D2A}.Release|Any CPU.ActiveCfg = Release|Any CPU
		{E1CDA7A3-38AF-4903-AE14-B80813E95D2A}.Release|Any CPU.Build.0 = Release|Any CPU
	EndGlobalSection
	GlobalSection(SolutionProperties) = preSolution
		HideSolutionNode = FALSE
	EndGlobalSection
	GlobalSection(ExtensibilityGlobals) = postSolution
		SolutionGuid = {A42D002A-D422-4196-8A44-89BFE655908C}
	EndGlobalSection
EndGlobal
